{
  "name": "wsl-fedora-guest-tools-tooling",
  "version": "0.0.0",
  "lockfileVersion": 3,
  "requires": true,
  "packages": {
    "": {
      "name": "wsl-fedora-guest-tools-tooling",
      "version": "0.0.0",
      "license": "MIT",
      "devDependencies": {
        "@j178/prek": "0.4.6"
      }
    },
    "node_modules/@j178/prek": {
      "version": "0.4.6",
      "resolved": "https://registry.npmjs.org/@j178/prek/-/prek-0.4.6.tgz",
      "integrity": "sha512-oyRYMtpfY1c9DuxtBBDFAVkCxwglKA4Oa2EokxH6xivXx9jO3dYgE/jaN9DaiCVE36fVFBb+ziS5PL2XN4YNqQ==",
      "dev": true,
      "license": "MIT",
      "bin": {
        "prek": "bin/prek.js"
      },
      "engines": {
        "node": ">=18"
      },
      "optionalDependencies": {
        "@j178/prek-android-arm64": "0.4.6",
        "@j178/prek-darwin-arm64": "0.4.6",
        "@j178/prek-darwin-x64": "0.4.6",
        "@j178/prek-linux-arm-gnueabihf": "0.4.6",
        "@j178/prek-linux-arm-musleabihf": "0.4.6",
        "@j178/prek-linux-arm64-gnu": "0.4.6",
        "@j178/prek-linux-arm64-musl": "0.4.6",
        "@j178/prek-linux-armv7-musleabihf": "0.4.6",
        "@j178/prek-linux-ia32-gnu": "0.4.6",
        "@j178/prek-linux-ia32-musl": "0.4.6",
        "@j178/prek-linux-riscv64-gnu": "0.4.6",
        "@j178/prek-linux-s390x-gnu": "0.4.6",
        "@j178/prek-linux-x64-gnu": "0.4.6",
        "@j178/prek-linux-x64-musl": "0.4.6",
        "@j178/prek-win32-arm64-msvc": "0.4.6",
        "@j178/prek-win32-ia32-msvc": "0.4.6",
        "@j178/prek-win32-x64-msvc": "0.4.6"
      }
    },
    "node_modules/@j178/prek-android-arm64": {
      "version": "0.4.6",
      "resolved": "https://registry.npmjs.org/@j178/prek-android-arm64/-/prek-android-arm64-0.4.6.tgz",
      "integrity": "sha512-ztgL8ETVl5pVhHloQAJNpHYB5YZdD9yqWu2+s0QAMporoJPvJf0lgGu3LsznC5hGm54yiDEzETpdoqV071nOUQ==",
      "cpu": [
        "arm64"
      ],
      "dev": true,
      "license": "MIT",
      "optional": true,
      "os": [
        "android"
      ],
      "engines": {
        "node": ">=18"
      }
    },
    "node_modules/@j178/prek-darwin-arm64": {
      "version": "0.4.6",
      "resolved": "https://registry.npmjs.org/@j178/prek-darwin-arm64/-/prek-darwin-arm64-0.4.6.tgz",
      "integrity": "sha512-GVdtIL+1/z6HN0bFfZgEmwsyaxagZ6xeSCzFsp0pTBSUcSXjGK96iLLd8XyXj231PKN4/mngt7uJPzMJx5XyOg==",
      "cpu": [
        "arm64"
      ],
      "dev": true,
      "license": "MIT",
      "optional": true,
      "os": [
        "darwin"
      ],
      "engines": {
        "node": ">=18"
      }
    },
    "node_modules/@j178/prek-darwin-x64": {
      "version": "0.4.6",
      "resolved": "https://registry.npmjs.org/@j178/prek-darwin-x64/-/prek-darwin-x64-0.4.6.tgz",
      "integrity": "sha512-zkyfiR6HqVKNO22GOxuYPenpfUwvh/ogz4oVAk711SaANQwcIcZWEpZoMZIYP4dldTiJNjotExQ33kKCKehGnw==",
      "cpu": [
        "x64"
      ],
      "dev": true,
      "license": "MIT",
      "optional": true,
      "os": [
        "darwin"
      ],
      "engines": {
        "node": ">=18"
      }
    },
    "node_modules/@j178/prek-linux-arm-gnueabihf": {
      "version": "0.4.6",
      "resolved": "https://registry.npmjs.org/@j178/prek-linux-arm-gnueabihf/-/prek-linux-arm-gnueabihf-0.4.6.tgz",
      "integrity": "sha512-Iti+QjcK8e0VdumI82py24K+cD6NfZPjdH7bLIwEGnSg+lqdmPVlPXtmU5VeU73YBbjicL1GPN0iw6BlSkJvtA==",
      "cpu": [
        "arm"
      ],
      "dev": true,
      "libc": [
        "glibc"
      ],
      "license": "MIT",
      "optional": true,
      "os": [
        "linux"
      ],
      "engines": {
        "node": ">=18"
      }
    },
    "node_modules/@j178/prek-linux-arm-musleabihf": {
      "version": "0.4.6",
      "resolved": "https://registry.npmjs.org/@j178/prek-linux-arm-musleabihf/-/prek-linux-arm-musleabihf-0.4.6.tgz",
      "integrity": "sha512-i/CJZu03X+VvrlcxZSlv4y8SUsu+Ct/PogIHpg9Fq2mVWa3FZc6Qa65W0X1J+G+L/mxhwLBGNW0D7NozwUcBfg==",
      "cpu": [
        "arm"
      ],
      "dev": true,
      "libc": [
        "musl"
      ],
      "license": "MIT",
      "optional": true,
      "os": [
        "linux"
      ],
      "engines": {
        "node": ">=18"
      }
    },
    "node_modules/@j178/prek-linux-arm64-gnu": {
      "version": "0.4.6",
      "resolved": "https://registry.npmjs.org/@j178/prek-linux-arm64-gnu/-/prek-linux-arm64-gnu-0.4.6.tgz",
      "integrity": "sha512-GgclIz9W1Eb1DQ7iYaxPiAbgr1E9pX0dDY9MPh3JQAB1b/Fy0ikvb6YKx9OPd3uG1f9i8VWAdEM7HtPFNTpaEg==",
      "cpu": [
        "arm64"
      ],
      "dev": true,
      "libc": [
        "glibc"
      ],
      "license": "MIT",
      "optional": true,
      "os": [
        "linux"
      ],
      "engines": {
        "node": ">=18"
      }
    },
    "node_modules/@j178/prek-linux-arm64-musl": {
      "version": "0.4.6",
      "resolved": "https://registry.npmjs.org/@j178/prek-linux-arm64-musl/-/prek-linux-arm64-musl-0.4.6.tgz",
      "integrity": "sha512-jUMPRPL824MSAa1iz7UBpUPDZglRx+CmQSWzqzRAIpitXkL5sNcN+13VRx9hm5ZVDTzxCDDiswBXvaAVxgWKhw==",
      "cpu": [
        "arm64"
      ],
      "dev": true,
      "libc": [
        "musl"
      ],
      "license": "MIT",
      "optional": true,
      "os": [
        "linux"
      ],
      "engines": {
        "node": ">=18"
      }
    },
    "node_modules/@j178/prek-linux-armv7-musleabihf": {
      "version": "0.4.6",
      "resolved": "https://registry.npmjs.org/@j178/prek-linux-armv7-musleabihf/-/prek-linux-armv7-musleabihf-0.4.6.tgz",
      "integrity": "sha512-BRtgUW67RIMTAnRZPL4IEgId5lt7a8fqdZf6tLuHgyjf5Ckp/JDeDnDBHypDU+Ek3dW5boM6vRAVnT1TnZWfhA==",
      "cpu": [
        "arm"
      ],
      "dev": true,
      "libc": [
        "musl"
      ],
      "license": "MIT",
      "optional": true,
      "os": [
        "linux"
      ],
      "engines": {
        "node": ">=18"
      }
    },
    "node_modules/@j178/prek-linux-ia32-gnu": {
      "version": "0.4.6",
      "resolved": "https://registry.npmjs.org/@j178/prek-linux-ia32-gnu/-/prek-linux-ia32-gnu-0.4.6.tgz",
      "integrity": "sha512-HJC/geFlgH2Tb0t+CNhSWWnUO8VE6pG2mpdPZp3yGUmSw5oqke0/Ts8LGjycU1GUBBY+R/VxKYbtf4ITbXJTgg==",
      "cpu": [
        "ia32"
      ],
      "dev": true,
      "libc": [
        "glibc"
      ],
      "license": "MIT",
      "optional": true,
      "os": [
        "linux"
      ],
      "engines": {
        "node": ">=18"
      }
    },
    "node_modules/@j178/prek-linux-ia32-musl": {
      "version": "0.4.6",
      "resolved": "https://registry.npmjs.org/@j178/prek-linux-ia32-musl/-/prek-linux-ia32-musl-0.4.6.tgz",
      "integrity": "sha512-Im6/4FDzA5D74K5UARZY4h2C63+2B6XlO8lvaRooU3eJ22Q+gfBmv4U1o1jVj0DhHBAltO1U/Us1+heJ+funpg==",
      "cpu": [
        "ia32"
      ],
      "dev": true,
      "libc": [
        "musl"
      ],
      "license": "MIT",
      "optional": true,
      "os": [
        "linux"
      ],
      "engines": {
        "node": ">=18"
      }
    },
    "node_modules/@j178/prek-linux-riscv64-gnu": {
      "version": "0.4.6",
      "resolved": "https://registry.npmjs.org/@j178/prek-linux-riscv64-gnu/-/prek-linux-riscv64-gnu-0.4.6.tgz",
      "integrity": "sha512-Q1g6BpRtJk/2a3f7gIh8UDizJ1RMSU8JfbVb1LHt5eGLjHLJperLntOgNdqd/EXz9FAC6wGnRvPJANylr9CoJw==",
      "cpu": [
        "riscv64"
      ],
      "dev": true,
      "libc": [
        "glibc"
      ],
      "license": "MIT",
      "optional": true,
      "os": [
        "linux"
      ],
      "engines": {
        "node": ">=18"
      }
    },
    "node_modules/@j178/prek-linux-s390x-gnu": {
      "version": "0.4.6",
      "resolved": "https://registry.npmjs.org/@j178/prek-linux-s390x-gnu/-/prek-linux-s390x-gnu-0.4.6.tgz",
      "integrity": "sha512-bkKnOfaci9N981ucLOrqGsxpHFI0caUMCM92jH8AP/DQ6u13JssLrkMpNsWK0IAMXj8ziViEEPYPm7KFr+nFpg==",
      "cpu": [
        "s390x"
      ],
      "dev": true,
      "libc": [
        "glibc"
      ],
      "license": "MIT",
      "optional": true,
      "os": [
        "linux"
      ],
      "engines": {
        "node": ">=18"
      }
    },
    "node_modules/@j178/prek-linux-x64-gnu": {
      "version": "0.4.6",
      "resolved": "https://registry.npmjs.org/@j178/prek-linux-x64-gnu/-/prek-linux-x64-gnu-0.4.6.tgz",
      "integrity": "sha512-Z+wxtWl1RGJysi8rsNnjXbzKJbKHOh8uOu1ORcG08OWcHoztHBleOoEDiOzOltfrkJveA7x2q7LsSV8B5QJHcg==",
      "cpu": [
        "x64"
      ],
      "dev": true,
      "libc": [
        "glibc"
      ],
      "license": "MIT",
      "optional": true,
      "os": [
        "linux"
      ],
      "engines": {
        "node": ">=18"
      }
    },
    "node_modules/@j178/prek-linux-x64-musl": {
      "version": "0.4.6",
      "resolved": "https://registry.npmjs.org/@j178/prek-linux-x64-musl/-/prek-linux-x64-musl-0.4.6.tgz",
      "integrity": "sha512-TSgB+AqMXLRLw2Q2sr1OCdglcMaBUlkEl9L0PBjjt8o6QnwdOVAHMwbL3alwvV5pTsN0nNfF/X20atYhzYJwyA==",
      "cpu": [
        "x64"
      ],
      "dev": true,
      "libc": [
        "musl"
      ],
      "license": "MIT",
      "optional": true,
      "os": [
        "linux"
      ],
      "engines": {
        "node": ">=18"
      }
    },
    "node_modules/@j178/prek-win32-arm64-msvc": {
      "version": "0.4.6",
      "resolved": "https://registry.npmjs.org/@j178/prek-win32-arm64-msvc/-/prek-win32-arm64-msvc-0.4.6.tgz",
      "integrity": "sha512-pD7Sl+RQPpADLyzgcEWV9rhGz92XVUSeTfUL2zGT6OOJNvb7/waG9Ld6eT5plqZLTT2ZCsdIsYbBOg8Ib8awAw==",
      "cpu": [
        "arm64"
      ],
      "dev": true,
      "license": "MIT",
      "optional": true,
      "os": [
        "win32"
      ],
      "engines": {
        "node": ">=18"
      }
    },
    "node_modules/@j178/prek-win32-ia32-msvc": {
      "version": "0.4.6",
      "resolved": "https://registry.npmjs.org/@j178/prek-win32-ia32-msvc/-/prek-win32-ia32-msvc-0.4.6.tgz",
      "integrity": "sha512-VLmtDYP4EeLCQ19HcuLzEo07PrhXZi7vDSNPLoAhIUTxhMKsdgRLqZrTJu4CT4z4qoqQSyHXYBYl8Z5GU6MtKw==",
      "cpu": [
        "ia32"
      ],
      "dev": true,
      "license": "MIT",
      "optional": true,
      "os": [
        "win32"
      ],
      "engines": {
        "node": ">=18"
      }
    },
    "node_modules/@j178/prek-win32-x64-msvc": {
      "version": "0.4.6",
      "resolved": "https://registry.npmjs.org/@j178/prek-win32-x64-msvc/-/prek-win32-x64-msvc-0.4.6.tgz",
      "integrity": "sha512-cPde0z8NWxTaXKq1zQa8y+8qsa2zCu4/dsjjLPJddYZpvzP3aMaDsLN835hc+okgApoH4D+QY1Y0X1PXq/UiuQ==",
      "cpu": [
        "x64"
      ],
      "dev": true,
      "license": "MIT",
      "optional": true,
      "os": [
        "win32"
      ],
      "engines": {
        "node": ">=18"
      }
    }
  }
}
