{
  "name": "wsl-fedora-guest-tools-tooling",
  "version": "0.0.0",
  "lockfileVersion": 3,
  "requires": true,
  "packages": {
    "": {
      "name": "wsl-fedora-guest-tools-tooling",
      "version": "0.0.0",
      "license": "MIT",
      "devDependencies": {
        "@j178/prek": "0.4.12"
      }
    },
    "node_modules/@j178/prek": {
      "version": "0.4.12",
      "resolved": "https://registry.npmjs.org/@j178/prek/-/prek-0.4.12.tgz",
      "integrity": "sha512-kWvvcb3UrrA9OUDFKf1zIGOxengkcwW9If2ugbMWIJuuAJu0dTA9TLQ9oJTLN5dyOku6HYWuLRBgQ375gTrC1w==",
      "dev": true,
      "license": "MIT",
      "bin": {
        "prek": "bin/prek.js"
      },
      "engines": {
        "node": ">=18"
      },
      "optionalDependencies": {
        "@j178/prek-android-arm64": "0.4.12",
        "@j178/prek-darwin-arm64": "0.4.12",
        "@j178/prek-darwin-x64": "0.4.12",
        "@j178/prek-linux-arm-gnueabihf": "0.4.12",
        "@j178/prek-linux-arm-musleabihf": "0.4.12",
        "@j178/prek-linux-arm64-gnu": "0.4.12",
        "@j178/prek-linux-arm64-musl": "0.4.12",
        "@j178/prek-linux-armv7-musleabihf": "0.4.12",
        "@j178/prek-linux-ia32-gnu": "0.4.12",
        "@j178/prek-linux-ia32-musl": "0.4.12",
        "@j178/prek-linux-riscv64-gnu": "0.4.12",
        "@j178/prek-linux-s390x-gnu": "0.4.12",
        "@j178/prek-linux-x64-gnu": "0.4.12",
        "@j178/prek-linux-x64-musl": "0.4.12",
        "@j178/prek-win32-arm64-msvc": "0.4.12",
        "@j178/prek-win32-ia32-msvc": "0.4.12",
        "@j178/prek-win32-x64-msvc": "0.4.12"
      }
    },
    "node_modules/@j178/prek-android-arm64": {
      "version": "0.4.12",
      "resolved": "https://registry.npmjs.org/@j178/prek-android-arm64/-/prek-android-arm64-0.4.12.tgz",
      "integrity": "sha512-JcNFKqLz3b0Jj+IB8UH2atPoWDulBx/k9OU0zefApB/bmkOLpf5yuzvnjFAnU2/RPkq4oo92fWfkTnGQvdpnqg==",
      "cpu": [
        "arm64"
      ],
      "dev": true,
      "license": "MIT",
      "optional": true,
      "os": [
        "android"
      ],
      "engines": {
        "node": ">=18"
      }
    },
    "node_modules/@j178/prek-darwin-arm64": {
      "version": "0.4.12",
      "resolved": "https://registry.npmjs.org/@j178/prek-darwin-arm64/-/prek-darwin-arm64-0.4.12.tgz",
      "integrity": "sha512-hM+g3iRzR1Fxx7jy2bNarUyEGEJSrTNk34zWZS9hdThwD7bCJV9OdHWdr1/p1f/xJFFMx+vNzt2ZEFLNaelnJQ==",
      "cpu": [
        "arm64"
      ],
      "dev": true,
      "license": "MIT",
      "optional": true,
      "os": [
        "darwin"
      ],
      "engines": {
        "node": ">=18"
      }
    },
    "node_modules/@j178/prek-darwin-x64": {
      "version": "0.4.12",
      "resolved": "https://registry.npmjs.org/@j178/prek-darwin-x64/-/prek-darwin-x64-0.4.12.tgz",
      "integrity": "sha512-l5iqFMnlo3nSgqlexfmWo07cf3/vOnWghNO5yOexIKwh10H2NCjL1DH82rtP6kv9JplJhgEKAAAcDxdfNIe1Ow==",
      "cpu": [
        "x64"
      ],
      "dev": true,
      "license": "MIT",
      "optional": true,
      "os": [
        "darwin"
      ],
      "engines": {
        "node": ">=18"
      }
    },
    "node_modules/@j178/prek-linux-arm-gnueabihf": {
      "version": "0.4.12",
      "resolved": "https://registry.npmjs.org/@j178/prek-linux-arm-gnueabihf/-/prek-linux-arm-gnueabihf-0.4.12.tgz",
      "integrity": "sha512-ZYe+8IJDZNJHYmPqH/CTFo/pZnKMUnvCFIFBJ3eW1YhUiRf1AYu2uxU0hTw3iXGu+jUtbEw3Zg+tv81/xJVIyA==",
      "cpu": [
        "arm"
      ],
      "dev": true,
      "libc": [
        "glibc"
      ],
      "license": "MIT",
      "optional": true,
      "os": [
        "linux"
      ],
      "engines": {
        "node": ">=18"
      }
    },
    "node_modules/@j178/prek-linux-arm-musleabihf": {
      "version": "0.4.12",
      "resolved": "https://registry.npmjs.org/@j178/prek-linux-arm-musleabihf/-/prek-linux-arm-musleabihf-0.4.12.tgz",
      "integrity": "sha512-Yzzm9SI5btdS+gr21eu9Ly4U117sqYmOQ+HVn5MFNMphMMHzD+xpwiF7YV+Ba5/0Jrj45kX8Kk3l18B1gw4SvQ==",
      "cpu": [
        "arm"
      ],
      "dev": true,
      "libc": [
        "musl"
      ],
      "license": "MIT",
      "optional": true,
      "os": [
        "linux"
      ],
      "engines": {
        "node": ">=18"
      }
    },
    "node_modules/@j178/prek-linux-arm64-gnu": {
      "version": "0.4.12",
      "resolved": "https://registry.npmjs.org/@j178/prek-linux-arm64-gnu/-/prek-linux-arm64-gnu-0.4.12.tgz",
      "integrity": "sha512-Kt4i+/d/jSG2Ml7Pyn66ztF5yu125kEER7XIt3PdJ/KLegNLDqMYHqX9d5kivEsF6Ncoyw0FBzdDPAd2NjE0yw==",
      "cpu": [
        "arm64"
      ],
      "dev": true,
      "libc": [
        "glibc"
      ],
      "license": "MIT",
      "optional": true,
      "os": [
        "linux"
      ],
      "engines": {
        "node": ">=18"
      }
    },
    "node_modules/@j178/prek-linux-arm64-musl": {
      "version": "0.4.12",
      "resolved": "https://registry.npmjs.org/@j178/prek-linux-arm64-musl/-/prek-linux-arm64-musl-0.4.12.tgz",
      "integrity": "sha512-Uy1X9Ckx5UWWrhlXnar+ymFTv4wec0ICybxMoCe8b1jDezxM7X7O6dk/h7EFmI2ytQ0ZqOK649bnQGVHaeSnmw==",
      "cpu": [
        "arm64"
      ],
      "dev": true,
      "libc": [
        "musl"
      ],
      "license": "MIT",
      "optional": true,
      "os": [
        "linux"
      ],
      "engines": {
        "node": ">=18"
      }
    },
    "node_modules/@j178/prek-linux-armv7-musleabihf": {
      "version": "0.4.12",
      "resolved": "https://registry.npmjs.org/@j178/prek-linux-armv7-musleabihf/-/prek-linux-armv7-musleabihf-0.4.12.tgz",
      "integrity": "sha512-qnPodfL6YoBi8SrEtM5lUCl2v5LqfYfAXFyTTJ1MLbfFUPv4i9tZPPTQ4glmEhjaCK16qgpuF2rZFdnJRkPiKA==",
      "cpu": [
        "arm"
      ],
      "dev": true,
      "libc": [
        "musl"
      ],
      "license": "MIT",
      "optional": true,
      "os": [
        "linux"
      ],
      "engines": {
        "node": ">=18"
      }
    },
    "node_modules/@j178/prek-linux-ia32-gnu": {
      "version": "0.4.12",
      "resolved": "https://registry.npmjs.org/@j178/prek-linux-ia32-gnu/-/prek-linux-ia32-gnu-0.4.12.tgz",
      "integrity": "sha512-ZEUo/mW8vfEcqC48/3i8T03DbkgxDHVLx/aReoL3t/nJE7WLsfyg29vlzSWUE8e16NKzuuKFuOu9zdYgJBqm4A==",
      "cpu": [
        "ia32"
      ],
      "dev": true,
      "libc": [
        "glibc"
      ],
      "license": "MIT",
      "optional": true,
      "os": [
        "linux"
      ],
      "engines": {
        "node": ">=18"
      }
    },
    "node_modules/@j178/prek-linux-ia32-musl": {
      "version": "0.4.12",
      "resolved": "https://registry.npmjs.org/@j178/prek-linux-ia32-musl/-/prek-linux-ia32-musl-0.4.12.tgz",
      "integrity": "sha512-fyjXUNnlVVmxMzhRbsiA7y2vOgb3nY64oEhf4kB0VA0OnpyzuxQhc4d+ZEWs1iduNPae5Rye8KUSZ6Ycxst5LA==",
      "cpu": [
        "ia32"
      ],
      "dev": true,
      "libc": [
        "musl"
      ],
      "license": "MIT",
      "optional": true,
      "os": [
        "linux"
      ],
      "engines": {
        "node": ">=18"
      }
    },
    "node_modules/@j178/prek-linux-riscv64-gnu": {
      "version": "0.4.12",
      "resolved": "https://registry.npmjs.org/@j178/prek-linux-riscv64-gnu/-/prek-linux-riscv64-gnu-0.4.12.tgz",
      "integrity": "sha512-f+v3vkPrtAVyR3pfhUs/y8OCIoQzsqDgVaqv1JPLT3t0NGfKbTR/Je9i1CYXfkw0CZrWj+jiLuACey4WyciLJw==",
      "cpu": [
        "riscv64"
      ],
      "dev": true,
      "libc": [
        "glibc"
      ],
      "license": "MIT",
      "optional": true,
      "os": [
        "linux"
      ],
      "engines": {
        "node": ">=18"
      }
    },
    "node_modules/@j178/prek-linux-s390x-gnu": {
      "version": "0.4.12",
      "resolved": "https://registry.npmjs.org/@j178/prek-linux-s390x-gnu/-/prek-linux-s390x-gnu-0.4.12.tgz",
      "integrity": "sha512-kgvjWI5lp0STIIn5fUDSD3BntcwlE4DehXES01zdbYvGntGyzrzPc7gldVEoFHZnnpKfpOtUXwUEiN9OMmtJ9g==",
      "cpu": [
        "s390x"
      ],
      "dev": true,
      "libc": [
        "glibc"
      ],
      "license": "MIT",
      "optional": true,
      "os": [
        "linux"
      ],
      "engines": {
        "node": ">=18"
      }
    },
    "node_modules/@j178/prek-linux-x64-gnu": {
      "version": "0.4.12",
      "resolved": "https://registry.npmjs.org/@j178/prek-linux-x64-gnu/-/prek-linux-x64-gnu-0.4.12.tgz",
      "integrity": "sha512-RrRlAioG+ocNXoEEA8A83MXCLdIdwKzjmgkw0NFACxBL1uKgNg58BcDlpori2DRTVdjeDfpO2P55fVKj7s4x9w==",
      "cpu": [
        "x64"
      ],
      "dev": true,
      "libc": [
        "glibc"
      ],
      "license": "MIT",
      "optional": true,
      "os": [
        "linux"
      ],
      "engines": {
        "node": ">=18"
      }
    },
    "node_modules/@j178/prek-linux-x64-musl": {
      "version": "0.4.12",
      "resolved": "https://registry.npmjs.org/@j178/prek-linux-x64-musl/-/prek-linux-x64-musl-0.4.12.tgz",
      "integrity": "sha512-WKKBZWPxcQ6ksowqb/2LM2H64AAf9HWAbm48YyGy6fyor4e3lV4n9+UtFhJtL94/0x1plUaxQE4VWbdI+oCG4A==",
      "cpu": [
        "x64"
      ],
      "dev": true,
      "libc": [
        "musl"
      ],
      "license": "MIT",
      "optional": true,
      "os": [
        "linux"
      ],
      "engines": {
        "node": ">=18"
      }
    },
    "node_modules/@j178/prek-win32-arm64-msvc": {
      "version": "0.4.12",
      "resolved": "https://registry.npmjs.org/@j178/prek-win32-arm64-msvc/-/prek-win32-arm64-msvc-0.4.12.tgz",
      "integrity": "sha512-orAGgZoTq8A6L1lkjFlqajfyrQ0ZDZ8iC0knORyVp4wYrA/7bbfsblOsNNu5GDe6VWF+rJ/JfGcBYBsbfe9INw==",
      "cpu": [
        "arm64"
      ],
      "dev": true,
      "license": "MIT",
      "optional": true,
      "os": [
        "win32"
      ],
      "engines": {
        "node": ">=18"
      }
    },
    "node_modules/@j178/prek-win32-ia32-msvc": {
      "version": "0.4.12",
      "resolved": "https://registry.npmjs.org/@j178/prek-win32-ia32-msvc/-/prek-win32-ia32-msvc-0.4.12.tgz",
      "integrity": "sha512-epSH7iYzIuARNSMTs4oqtUzBYRqpMYU6mKpYiRyHosll4fKzbKhWGkCjMafzYI9Mo0Erc8schaDaEdX2BJ61OA==",
      "cpu": [
        "ia32"
      ],
      "dev": true,
      "license": "MIT",
      "optional": true,
      "os": [
        "win32"
      ],
      "engines": {
        "node": ">=18"
      }
    },
    "node_modules/@j178/prek-win32-x64-msvc": {
      "version": "0.4.12",
      "resolved": "https://registry.npmjs.org/@j178/prek-win32-x64-msvc/-/prek-win32-x64-msvc-0.4.12.tgz",
      "integrity": "sha512-6BdPhmboppon5uSLdeI2yosJbw0t5FCI/2ekq5dRrhkUR7e+f+j4ipDZOOM7CFoHnsJFQfgx7HmwJm0XsigeeA==",
      "cpu": [
        "x64"
      ],
      "dev": true,
      "license": "MIT",
      "optional": true,
      "os": [
        "win32"
      ],
      "engines": {
        "node": ">=18"
      }
    }
  }
}
